
Microsoft Visual Studio Solution File, Format Version 12.00
# Visual Studio Version 17
VisualStudioVersion = 17.8.34525.116
MinimumVisualStudioVersion = 10.0.40219.1
Project("{FAE04EC0-301F-11D3-BF4B-00C04F79EFBC}") = "WinFormsApp1", "WinFormsApp1.csproj", "{D5ED074D-AAA1-4CC6-BAD5-F3E0A0D1A19D}"
EndProject
Global
	GlobalSection(SolutionConfigurationPlatforms) = preSolution
		Debug|Any CPU = Debug|Any CPU
		Release|Any CPU = Release|Any CPU
	EndGlobalSection
	GlobalSection(ProjectConfigurationPlatforms) = postSolution
		{D5ED074D-AAA1-4CC6-BAD5-F3E0A0D1A19D}.Debug|Any CPU.ActiveCfg = Debug|Any CPU
		{D5ED074D-AAA1-4CC6-BAD5-F3E0A0D1A19D}.Debug|Any CPU.Build.0 = Debug|Any CPU
		{D5ED074D-AAA1-4CC6-BAD5-F3E0A0D1A19D}.Release|Any CPU.ActiveCfg = Release|Any CPU
		{D5ED074D-AAA1-4CC6-BAD5-F3E0A0D1A19D}.Release|Any CPU.Build.0 = Release|Any CPU
	EndGlobalSection
	GlobalSection(SolutionProperties) = preSolution
		HideSolutionNode = FALSE
	EndGlobalSection
	GlobalSection(ExtensibilityGlobals) = postSolution
		SolutionGuid = {90CB56B5-8275-47FD-BB15-B94D5258D5C2}
	EndGlobalSection
EndGlobal
